
Microsoft Visual Studio Solution File, Format Version 12.00
# Visual Studio Version 17
VisualStudioVersion = 17.8.34525.116
MinimumVisualStudioVersion = 10.0.40219.1
Project("{FAE04EC0-301F-11D3-BF4B-00C04F79EFBC}") = "GitThroughSecureLink", "GitThroughSecureLink\GitThroughSecureLink.csproj", "{1539AF41-6578-40CA-96FE-DE339AB5D5D9}"
EndProject
Global
	GlobalSection(SolutionConfigurationPlatforms) = preSolution
		Debug|Any CPU = Debug|Any CPU
		Release|Any CPU = Release|Any CPU
	EndGlobalSection
	GlobalSection(ProjectConfigurationPlatforms) = postSolution
		{1539AF41-6578-40CA-96FE-DE339AB5D5D9}.Debug|Any CPU.ActiveCfg = Debug|Any CPU
		{1539AF41-6578-40CA-96FE-DE339AB5D5D9}.Debug|Any CPU.Build.0 = Debug|Any CPU
		{1539AF41-6578-40CA-96FE-DE339AB5D5D9}.Release|Any CPU.ActiveCfg = Release|Any CPU
		{1539AF41-6578-40CA-96FE-DE339AB5D5D9}.Release|Any CPU.Build.0 = Release|Any CPU
	EndGlobalSection
	GlobalSection(SolutionProperties) = preSolution
		HideSolutionNode = FALSE
	EndGlobalSection
	GlobalSection(ExtensibilityGlobals) = postSolution
		SolutionGuid = {44FC7263-D741-4E0B-8736-50B524C4A764}
	EndGlobalSection
EndGlobal
